// !$*UTF8*$!
{
	archiveVersion = 1;
	classes = {
	};
	objectVersion = 50;
	objects = {

/* Begin PBXBuildFile section */
		EDC5F90325B78991006F72FC /* AppDelegate.swift in Sources */ = {isa = PBXBuildFile; fileRef = EDC5F90225B78991006F72FC /* AppDelegate.swift */; };
		EDC5F90525B78991006F72FC /* SceneDelegate.swift in Sources */ = {isa = PBXBuildFile; fileRef = EDC5F90425B78991006F72FC /* SceneDelegate.swift */; };
		EDC5F90725B78991006F72FC /* ViewController.swift in Sources */ = {isa = PBXBuildFile; fileRef = EDC5F90625B78991006F72FC /* ViewController.swift */; };
		EDC5F90A25B78991006F72FC /* Main.storyboard in Resources */ = {isa = PBXBuildFile; fileRef = EDC5F90825B78991006F72FC /* Main.storyboard */; };
		EDC5F90C25B78992006F72FC /* Assets.xcassets in Resources */ = {isa = PBXBuildFile; fileRef = EDC5F90B25B78992006F72FC /* Assets.xcassets */; };
		EDC5F90F25B78992006F72FC /* LaunchScreen.storyboard in Resources */ = {isa = PBXBuildFile; fileRef = EDC5F90D25B78992006F72FC /* LaunchScreen.storyboard */; };
/* End PBXBuildFile section */

/* Begin PBXFileReference section */
		ED5DF0D825E521B30089A176 /* Calcolatrice 1.0.entitlements */ = {isa = PBXFileReference; lastKnownFileType = text.plist.entitlements; path = "Calcolatrice 1.0.entitlements"; sourceTree = "<group>"; };
		EDC5F8FF25B78991006F72FC /* Calcolatrice 1.0.app */ = {isa = PBXFileReference; explicitFileType = wrapper.application; includeInIndex = 0; path = "Calcolatrice 1.0.app"; sourceTree = BUILT_PRODUCTS_DIR; };
		EDC5F90225B78991006F72FC /* AppDelegate.swift */ = {isa = PBXFileReference; lastKnownFileType = sourcecode.swift; path = AppDelegate.swift; sourceTree = "<group>"; };
		EDC5F90425B78991006F72FC /* SceneDelegate.swift */ = {isa = PBXFileReference; lastKnownFileType = sourcecode.swift; path = SceneDelegate.swift; sourceTree = "<group>"; };
		EDC5F90625B78991006F72FC /* ViewController.swift */ = {isa = PBXFileReference; lastKnownFileType = sourcecode.swift; path = ViewController.swift; sourceTree = "<group>"; };
		EDC5F90925B78991006F72FC /* Base */ = {isa = PBXFileReference; lastKnownFileType = file.storyboard; name = Base; path = Base.lproj/Main.storyboard; sourceTree = "<group>"; };
		EDC5F90B25B78992006F72FC /* Assets.xcassets */ = {isa = PBXFileReference; lastKnownFileType = folder.assetcatalog; path = Assets.xcassets; sourceTree = "<group>"; };
		EDC5F90E25B78992006F72FC /* Base */ = {isa = PBXFileReference; lastKnownFileType = file.storyboard; name = Base; path = Base.lproj/LaunchScreen.storyboard; sourceTree = "<group>"; };
		EDC5F91025B78992006F72FC /* Info.plist */ = {isa = PBXFileReference; lastKnownFileType = text.plist.xml; path = Info.plist; sourceTree = "<group>"; };
/* End PBXFileReference section */

/* Begin PBXFrameworksBuildPhase section */
		EDC5F8FC25B78990006F72FC /* Frameworks */ = {
			isa = PBXFrameworksBuildPhase;
			buildActionMask = 2147483647;
			files = (
			);
			runOnlyForDeploymentPostprocessing = 0;
		};
/* End PBXFrameworksBuildPhase section */

/* Begin PBXGroup section */
		EDC5F8F625B78990006F72FC = {
			isa = PBXGroup;
			children = (
				EDC5F90125B78991006F72FC /* Calcolatrice 1.0 */,
				EDC5F90025B78991006F72FC /* Products */,
			);
			sourceTree = "<group>";
		};
		EDC5F90025B78991006F72FC /* Products */ = {
			isa = PBXGroup;
			children = (
				EDC5F8FF25B78991006F72FC /* Calcolatrice 1.0.app */,
			);
			name = Products;
			sourceTree = "<group>";
		};
		EDC5F90125B78991006F72FC /* Calcolatrice 1.0 */ = {
			isa = PBXGroup;
			children = (
				EDC5F90225B78991006F72FC /* AppDelegate.swift */,
				EDC5F90425B78991006F72FC /* SceneDelegate.swift */,
				EDC5F90625B78991006F72FC /* ViewController.swift */,
				EDC5F90825B78991006F72FC /* Main.storyboard */,
				EDC5F90B25B78992006F72FC /* Assets.xcassets */,
				EDC5F90D25B78992006F72FC /* LaunchScreen.storyboard */,
				EDC5F91025B78992006F72FC /* Info.plist */,
				ED5DF0D825E521B30089A176 /* Calcolatrice 1.0.entitlements */,
			);
			path = "Calcolatrice 1.0";
			sourceTree = "<group>";
		};
/* End PBXGroup section */

/* Begin PBXNativeTarget section */
		EDC5F8FE25B78990006F72FC /* Calcolatrice 1.0 */ = {
			isa = PBXNativeTarget;
			buildConfigurationList = EDC5F91325B78992006F72FC /* Build configuration list for PBXNativeTarget "Calcolatrice 1.0" */;
			buildPhases = (
				EDC5F8FB25B78990006F72FC /* Sources */,
				EDC5F8FC25B78990006F72FC /* Frameworks */,
				EDC5F8FD25B78990006F72FC /* Resources */,
			);
			buildRules = (
			);
			dependencies = (
			);
			name = "Calcolatrice 1.0";
			packageProductDependencies = (
			);
			productName = "Calcolatrice 1.0";
			productReference = EDC5F8FF25B78991006F72FC /* Calcolatrice 1.0.app */;
			productType = "com.apple.product-type.application";
		};
/* End PBXNativeTarget section */

/* Begin PBXProject section */
		EDC5F8F725B78990006F72FC /* Project object */ = {
			isa = PBXProject;
			attributes = {
				LastSwiftUpdateCheck = 1230;
				LastUpgradeCheck = 1230;
				TargetAttributes = {
					EDC5F8FE25B78990006F72FC = {
						CreatedOnToolsVersion = 12.3;
					};
				};
			};
			buildConfigurationList = EDC5F8FA25B78990006F72FC /* Build configuration list for PBXProject "Calcolatrice 1.0" */;
			compatibilityVersion = "Xcode 9.3";
			developmentRegion = en;
			hasScannedForEncodings = 0;
			knownRegions = (
				en,
				Base,
			);
			mainGroup = EDC5F8F625B78990006F72FC;
			packageReferences = (
			);
			productRefGroup = EDC5F90025B78991006F72FC /* Products */;
			projectDirPath = "";
			projectRoot = "";
			targets = (
				EDC5F8FE25B78990006F72FC /* Calcolatrice 1.0 */,
			);
		};
/* End PBXProject section */

/* Begin PBXResourcesBuildPhase section */
		EDC5F8FD25B78990006F72FC /* Resources */ = {
			isa = PBXResourcesBuildPhase;
			buildActionMask = 2147483647;
			files = (
				EDC5F90F25B78992006F72FC /* LaunchScreen.storyboard in Resources */,
				EDC5F90C25B78992006F72FC /* Assets.xcassets in Resources */,
				EDC5F90A25B78991006F72FC /* Main.storyboard in Resources */,
			);
			runOnlyForDeploymentPostprocessing = 0;
		};
/* End PBXResourcesBuildPhase section */

/* Begin PBXSourcesBuildPhase section */
		EDC5F8FB25B78990006F72FC /* Sources */ = {
			isa = PBXSourcesBuildPhase;
			buildActionMask = 2147483647;
			files = (
				EDC5F90725B78991006F72FC /* ViewController.swift in Sources */,
				EDC5F90325B78991006F72FC /* AppDelegate.swift in Sources */,
				EDC5F90525B78991006F72FC /* SceneDelegate.swift in Sources */,
			);
			runOnlyForDeploymentPostprocessing = 0;
		};
/* End PBXSourcesBuildPhase section */

/* Begin PBXVariantGroup section */
		EDC5F90825B78991006F72FC /* Main.storyboard */ = {
			isa = PBXVariantGroup;
			children = (
				EDC5F90925B78991006F72FC /* Base */,
			);
			name = Main.storyboard;
			sourceTree = "<group>";
			usesTabs = 0;
		};
		EDC5F90D25B78992006F72FC /* LaunchScreen.storyboard */ = {
			isa = PBXVariantGroup;
			children = (
				EDC5F90E25B78992006F72FC /* Base */,
			);
			name = LaunchScreen.storyboard;
			sourceTree = "<group>";
		};
/* End PBXVariantGroup section */

/* Begin XCBuildConfiguration section */
		EDC5F91125B78992006F72FC /* Debug */ = {
			isa = XCBuildConfiguration;
			buildSettings = {
				ALWAYS_SEARCH_USER_PATHS = NO;
				CLANG_ANALYZER_NONNULL = YES;
				CLANG_ANALYZER_NUMBER_OBJECT_CONVERSION = YES_AGGRESSIVE;
				CLANG_CXX_LANGUAGE_STANDARD = "gnu++14";
				CLANG_CXX_LIBRARY = "libc++";
				CLANG_ENABLE_MODULES = YES;
				CLANG_ENABLE_OBJC_ARC = YES;
				CLANG_ENABLE_OBJC_WEAK = YES;
				CLANG_WARN_BLOCK_CAPTURE_AUTORELEASING = YES;
				CLANG_WARN_BOOL_CONVERSION = YES;
				CLANG_WARN_COMMA = YES;
				CLANG_WARN_CONSTANT_CONVERSION = YES;
				CLANG_WARN_DEPRECATED_OBJC_IMPLEMENTATIONS = YES;
				CLANG_WARN_DIRECT_OBJC_ISA_USAGE = YES_ERROR;
				CLANG_WARN_DOCUMENTATION_COMMENTS = YES;
				CLANG_WARN_EMPTY_BODY = YES;
				CLANG_WARN_ENUM_CONVERSION = YES;
				CLANG_WARN_INFINITE_RECURSION = YES;
				CLANG_WARN_INT_CONVERSION = YES;
				CLANG_WARN_NON_LITERAL_NULL_CONVERSION = YES;
				CLANG_WARN_OBJC_IMPLICIT_RETAIN_SELF = YES;
				CLANG_WARN_OBJC_LITERAL_CONVERSION = YES;
				CLANG_WARN_OBJC_ROOT_CLASS = YES_ERROR;
				CLANG_WARN_QUOTED_INCLUDE_IN_FRAMEWORK_HEADER = YES;
				CLANG_WARN_RANGE_LOOP_ANALYSIS = YES;
				CLANG_WARN_STRICT_PROTOTYPES = YES;
				CLANG_WARN_SUSPICIOUS_MOVE = YES;
				CLANG_WARN_UNGUARDED_AVAILABILITY = YES_AGGRESSIVE;
				CLANG_WARN_UNREACHABLE_CODE = YES;
				CLANG_WARN__DUPLICATE_METHOD_MATCH = YES;
				COPY_PHASE_STRIP = NO;
				DEBUG_INFORMATION_FORMAT = dwarf;
				ENABLE_STRICT_OBJC_MSGSEND = YES;
				ENABLE_TESTABILITY = YES;
				GCC_C_LANGUAGE_STANDARD = gnu11;
				GCC_DYNAMIC_NO_PIC = NO;
				GCC_NO_COMMON_BLOCKS = YES;
				GCC_OPTIMIZATION_LEVEL = 0;
				GCC_PREPROCESSOR_DEFINITIONS = (
					"DEBUG=1",
					"$(inherited)",
				);
				GCC_WARN_64_TO_32_BIT_CONVERSION = YES;
				GCC_WARN_ABOUT_RETURN_TYPE = YES_ERROR;
				GCC_WARN_UNDECLARED_SELECTOR = YES;
				GCC_WARN_UNINITIALIZED_AUTOS = YES_AGGRESSIVE;
				GCC_WARN_UNUSED_FUNCTION = YES;
				GCC_WARN_UNUSED_VARIABLE = YES;
				IPHONEOS_DEPLOYMENT_TARGET = 14.4;
				MTL_ENABLE_DEBUG_INFO = INCLUDE_SOURCE;
				MTL_FAST_MATH = YES;
				ONLY_ACTIVE_ARCH = YES;
				SDKROOT = iphoneos;
				SWIFT_ACTIVE_COMPILATION_CONDITIONS = DEBUG;
				SWIFT_OPTIMIZATION_LEVEL = "-Onone";
			};
			name = Debug;
		};
		EDC5F91225B78992006F72FC /* Release */ = {
			isa = XCBuildConfiguration;
			buildSettings = {
				ALWAYS_SEARCH_USER_PATHS = NO;
				CLANG_ANALYZER_NONNULL = YES;
				CLANG_ANALYZER_NUMBER_OBJECT_CONVERSION = YES_AGGRESSIVE;
				CLANG_CXX_LANGUAGE_STANDARD = "gnu++14";
				CLANG_CXX_LIBRARY = "libc++";
				CLANG_ENABLE_MODULES = YES;
				CLANG_ENABLE_OBJC_ARC = YES;
				CLANG_ENABLE_OBJC_WEAK = YES;
				CLANG_WARN_BLOCK_CAPTURE_AUTORELEASING = YES;
				CLANG_WARN_BOOL_CONVERSION = YES;
				CLANG_WARN_COMMA = YES;
				CLANG_WARN_CONSTANT_CONVERSION = YES;
				CLANG_WARN_DEPRECATED_OBJC_IMPLEMENTATIONS = YES;
				CLANG_WARN_DIRECT_OBJC_ISA_USAGE = YES_ERROR;
				CLANG_WARN_DOCUMENTATION_COMMENTS = YES;
				CLANG_WARN_EMPTY_BODY = YES;
				CLANG_WARN_ENUM_CONVERSION = YES;
				CLANG_WARN_INFINITE_RECURSION = YES;
				CLANG_WARN_INT_CONVERSION = YES;
				CLANG_WARN_NON_LITERAL_NULL_CONVERSION = YES;
				CLANG_WARN_OBJC_IMPLICIT_RETAIN_SELF = YES;
				CLANG_WARN_OBJC_LITERAL_CONVERSION = YES;
				CLANG_WARN_OBJC_ROOT_CLASS = YES_ERROR;
				CLANG_WARN_QUOTED_INCLUDE_IN_FRAMEWORK_HEADER = YES;
				CLANG_WARN_RANGE_LOOP_ANALYSIS = YES;
				CLANG_WARN_STRICT_PROTOTYPES = YES;
				CLANG_WARN_SUSPICIOUS_MOVE = YES;
				CLANG_WARN_UNGUARDED_AVAILABILITY = YES_AGGRESSIVE;
				CLANG_WARN_UNREACHABLE_CODE = YES;
				CLANG_WARN__DUPLICATE_METHOD_MATCH = YES;
				COPY_PHASE_STRIP = NO;
				DEBUG_INFORMATION_FORMAT = "dwarf-with-dsym";
				ENABLE_NS_ASSERTIONS = NO;
				ENABLE_STRICT_OBJC_MSGSEND = YES;
				GCC_C_LANGUAGE_STANDARD = gnu11;
				GCC_NO_COMMON_BLOCKS = YES;
				GCC_WARN_64_TO_32_BIT_CONVERSION = YES;
				GCC_WARN_ABOUT_RETURN_TYPE = YES_ERROR;
				GCC_WARN_UNDECLARED_SELECTOR = YES;
				GCC_WARN_UNINITIALIZED_AUTOS = YES_AGGRESSIVE;
				GCC_WARN_UNUSED_FUNCTION = YES;
				GCC_WARN_UNUSED_VARIABLE = YES;
				IPHONEOS_DEPLOYMENT_TARGET = 14.4;
				MTL_ENABLE_DEBUG_INFO = NO;
				MTL_FAST_MATH = YES;
				SDKROOT = iphoneos;
				SWIFT_COMPILATION_MODE = wholemodule;
				SWIFT_OPTIMIZATION_LEVEL = "-O";
				VALIDATE_PRODUCT = YES;
			};
			name = Release;
		};
		EDC5F91425B78992006F72FC /* Debug */ = {
			isa = XCBuildConfiguration;
			buildSettings = {
				ASSETCATALOG_COMPILER_APPICON_NAME = AppIcon;
				ASSETCATALOG_COMPILER_GLOBAL_ACCENT_COLOR_NAME = AccentColor;
				CODE_SIGN_ENTITLEMENTS = "Calcolatrice 1.0/Calcolatrice 1.0.entitlements";
				CODE_SIGN_STYLE = Automatic;
				DEVELOPMENT_TEAM = RD24B28LP7;
				INFOPLIST_FILE = "Calcolatrice 1.0/Info.plist";
				IPHONEOS_DEPLOYMENT_TARGET = 13.2;
				LD_RUNPATH_SEARCH_PATHS = (
					"$(inherited)",
					"@executable_path/Frameworks",
				);
				PRODUCT_BUNDLE_IDENTIFIER = "lorenzoSottocorno.Calcolatrice-1-0";
				PRODUCT_NAME = "$(TARGET_NAME)";
				SUPPORTS_MACCATALYST = NO;
				SWIFT_VERSION = 5.0;
				TARGETED_DEVICE_FAMILY = "1,2";
			};
			name = Debug;
		};
		EDC5F91525B78992006F72FC /* Release */ = {
			isa = XCBuildConfiguration;
			buildSettings = {
				ASSETCATALOG_COMPILER_APPICON_NAME = AppIcon;
				ASSETCATALOG_COMPILER_GLOBAL_ACCENT_COLOR_NAME = AccentColor;
				CODE_SIGN_ENTITLEMENTS = "Calcolatrice 1.0/Calcolatrice 1.0.entitlements";
				CODE_SIGN_STYLE = Automatic;
				DEVELOPMENT_TEAM = RD24B28LP7;
				INFOPLIST_FILE = "Calcolatrice 1.0/Info.plist";
				IPHONEOS_DEPLOYMENT_TARGET = 13.2;
				LD_RUNPATH_SEARCH_PATHS = (
					"$(inherited)",
					"@executable_path/Frameworks",
				);
				PRODUCT_BUNDLE_IDENTIFIER = "lorenzoSottocorno.Calcolatrice-1-0";
				PRODUCT_NAME = "$(TARGET_NAME)";
				SUPPORTS_MACCATALYST = NO;
				SWIFT_VERSION = 5.0;
				TARGETED_DEVICE_FAMILY = "1,2";
			};
			name = Release;
		};
/* End XCBuildConfiguration section */

/* Begin XCConfigurationList section */
		EDC5F8FA25B78990006F72FC /* Build configuration list for PBXProject "Calcolatrice 1.0" */ = {
			isa = XCConfigurationList;
			buildConfigurations = (
				EDC5F91125B78992006F72FC /* Debug */,
				EDC5F91225B78992006F72FC /* Release */,
			);
			defaultConfigurationIsVisible = 0;
			defaultConfigurationName = Release;
		};
		EDC5F91325B78992006F72FC /* Build configuration list for PBXNativeTarget "Calcolatrice 1.0" */ = {
			isa = XCConfigurationList;
			buildConfigurations = (
				EDC5F91425B78992006F72FC /* Debug */,
				EDC5F91525B78992006F72FC /* Release */,
			);
			defaultConfigurationIsVisible = 0;
			defaultConfigurationName = Release;
		};
/* End XCConfigurationList section */
	};
	rootObject = EDC5F8F725B78990006F72FC /* Project object */;
}
